{
  "name": "local-dev-example",
  "lockfileVersion": 3,
  "requires": true,
  "packages": {
    "": {
      "name": "local-dev-example",
      "dependencies": {
        "@aryanbansal-launch/edge-utils": "file:../.."
      }
    },
    "../..": {
      "name": "@aryanbansal-launch/edge-utils",
      "version": "0.1.5",
      "license": "MIT",
      "dependencies": {
        "wrangler": "^3.114.0"
      },
      "bin": {
        "launch-edge-local": "bin/launch-edge-local.js",
        "launch-init": "bin/launch-init.js"
      }
    },
    "node_modules/@aryanbansal-launch/edge-utils": {
      "resolved": "../..",
      "link": true
    }
  }
}
